// !$*UTF8*$!
{
	archiveVersion = 1;
	classes = {
	};
	objectVersion = 46;
	objects = {

/* Begin PBXBuildFile section */
		6DF547E01C384AFC002FE409 /* AppDelegate.swift in Sources */ = {isa = PBXBuildFile; fileRef = 6DF547DF1C384AFC002FE409 /* AppDelegate.swift */; };
		6DF547E21C384AFC002FE409 /* ViewController.swift in Sources */ = {isa = PBXBuildFile; fileRef = 6DF547E11C384AFC002FE409 /* ViewController.swift */; };
		6DF547E71C384AFC002FE409 /* Images.xcassets in Resources */ = {isa = PBXBuildFile; fileRef = 6DF547E61C384AFC002FE409 /* Images.xcassets */; };
		6DF547F51C384AFC002FE409 /* PORadarViewExampleTests.swift in Sources */ = {isa = PBXBuildFile; fileRef = 6DF547F41C384AFC002FE409 /* PORadarViewExampleTests.swift */; };
		6DF548001C384AFC002FE409 /* PORadarViewExampleUITests.swift in Sources */ = {isa = PBXBuildFile; fileRef = 6DF547FF1C384AFC002FE409 /* PORadarViewExampleUITests.swift */; };
		6DF5480E1C384B39002FE409 /* ColorHelper.swift in Sources */ = {isa = PBXBuildFile; fileRef = 6DF5480B1C384B39002FE409 /* ColorHelper.swift */; };
		6DF5480F1C384B39002FE409 /* Main.storyboard in Resources */ = {isa = PBXBuildFile; fileRef = 6DF5480C1C384B39002FE409 /* Main.storyboard */; };
		6DF548101C384B39002FE409 /* MainViewController.swift in Sources */ = {isa = PBXBuildFile; fileRef = 6DF5480D1C384B39002FE409 /* MainViewController.swift */; };
		6DF548161C384C0E002FE409 /* PORadarView.framework in Frameworks */ = {isa = PBXBuildFile; fileRef = 6DF548151C384C0E002FE409 /* PORadarView.framework */; };
/* End PBXBuildFile section */

/* Begin PBXContainerItemProxy section */
		6DF547F11C384AFC002FE409 /* PBXContainerItemProxy */ = {
			isa = PBXContainerItemProxy;
			containerPortal = 6DF547D21C384AA8002FE409 /* Project object */;
			proxyType = 1;
			remoteGlobalIDString = 6DF547DB1C384AFC002FE409;
			remoteInfo = PORadarViewExample;
		};
		6DF547FC1C384AFC002FE409 /* PBXContainerItemProxy */ = {
			isa = PBXContainerItemProxy;
			containerPortal = 6DF547D21C384AA8002FE409 /* Project object */;
			proxyType = 1;
			remoteGlobalIDString = 6DF547DB1C384AFC002FE409;
			remoteInfo = PORadarViewExample;
		};
/* End PBXContainerItemProxy section */

/* Begin PBXFileReference section */
		6DF547DC1C384AFC002FE409 /* PORadarViewExample.app */ = {isa = PBXFileReference; explicitFileType = wrapper.application; includeInIndex = 0; path = PORadarViewExample.app; sourceTree = BUILT_PRODUCTS_DIR; };
		6DF547DF1C384AFC002FE409 /* AppDelegate.swift */ = {isa = PBXFileReference; lastKnownFileType = sourcecode.swift; path = AppDelegate.swift; sourceTree = "<group>"; };
		6DF547E11C384AFC002FE409 /* ViewController.swift */ = {isa = PBXFileReference; lastKnownFileType = sourcecode.swift; path = ViewController.swift; sourceTree = "<group>"; };
		6DF547E61C384AFC002FE409 /* Images.xcassets */ = {isa = PBXFileReference; lastKnownFileType = folder.assetcatalog; path = Images.xcassets; sourceTree = "<group>"; };
		6DF547EB1C384AFC002FE409 /* Info.plist */ = {isa = PBXFileReference; lastKnownFileType = text.plist.xml; path = Info.plist; sourceTree = "<group>"; };
		6DF547F01C384AFC002FE409 /* PORadarViewExampleTests.xctest */ = {isa = PBXFileReference; explicitFileType = wrapper.cfbundle; includeInIndex = 0; path = PORadarViewExampleTests.xctest; sourceTree = BUILT_PRODUCTS_DIR; };
		6DF547F41C384AFC002FE409 /* PORadarViewExampleTests.swift */ = {isa = PBXFileReference; lastKnownFileType = sourcecode.swift; path = PORadarViewExampleTests.swift; sourceTree = "<group>"; };
		6DF547F61C384AFC002FE409 /* Info.plist */ = {isa = PBXFileReference; lastKnownFileType = text.plist.xml; path = Info.plist; sourceTree = "<group>"; };
		6DF547FB1C384AFC002FE409 /* PORadarViewExampleUITests.xctest */ = {isa = PBXFileReference; explicitFileType = wrapper.cfbundle; includeInIndex = 0; path = PORadarViewExampleUITests.xctest; sourceTree = BUILT_PRODUCTS_DIR; };
		6DF547FF1C384AFC002FE409 /* PORadarViewExampleUITests.swift */ = {isa = PBXFileReference; lastKnownFileType = sourcecode.swift; path = PORadarViewExampleUITests.swift; sourceTree = "<group>"; };
		6DF548011C384AFC002FE409 /* Info.plist */ = {isa = PBXFileReference; lastKnownFileType = text.plist.xml; path = Info.plist; sourceTree = "<group>"; };
		6DF5480B1C384B39002FE409 /* ColorHelper.swift */ = {isa = PBXFileReference; fileEncoding = 4; lastKnownFileType = sourcecode.swift; path = ColorHelper.swift; sourceTree = "<group>"; };
		6DF5480C1C384B39002FE409 /* Main.storyboard */ = {isa = PBXFileReference; fileEncoding = 4; lastKnownFileType = file.storyboard; path = Main.storyboard; sourceTree = "<group>"; };
		6DF5480D1C384B39002FE409 /* MainViewController.swift */ = {isa = PBXFileReference; fileEncoding = 4; lastKnownFileType = sourcecode.swift; path = MainViewController.swift; sourceTree = "<group>"; };
		6DF548151C384C0E002FE409 /* PORadarView.framework */ = {isa = PBXFileReference; lastKnownFileType = wrapper.framework; name = PORadarView.framework; path = "../build/Debug-iphoneos/PORadarView.framework"; sourceTree = "<group>"; };
/* End PBXFileReference section */

/* Begin PBXFrameworksBuildPhase section */
		6DF547D91C384AFC002FE409 /* Frameworks */ = {
			isa = PBXFrameworksBuildPhase;
			buildActionMask = 2147483647;
			files = (
				6DF548161C384C0E002FE409 /* PORadarView.framework in Frameworks */,
			);
			runOnlyForDeploymentPostprocessing = 0;
		};
		6DF547ED1C384AFC002FE409 /* Frameworks */ = {
			isa = PBXFrameworksBuildPhase;
			buildActionMask = 2147483647;
			files = (
			);
			runOnlyForDeploymentPostprocessing = 0;
		};
		6DF547F81C384AFC002FE409 /* Frameworks */ = {
			isa = PBXFrameworksBuildPhase;
			buildActionMask = 2147483647;
			files = (
			);
			runOnlyForDeploymentPostprocessing = 0;
		};
/* End PBXFrameworksBuildPhase section */

/* Begin PBXGroup section */
		6DF547D11C384AA8002FE409 = {
			isa = PBXGroup;
			children = (
				6DF548151C384C0E002FE409 /* PORadarView.framework */,
				6DF547DE1C384AFC002FE409 /* PORadarViewExample */,
				6DF547F31C384AFC002FE409 /* PORadarViewExampleTests */,
				6DF547FE1C384AFC002FE409 /* PORadarViewExampleUITests */,
				6DF547DD1C384AFC002FE409 /* Products */,
			);
			sourceTree = "<group>";
		};
		6DF547DD1C384AFC002FE409 /* Products */ = {
			isa = PBXGroup;
			children = (
				6DF547DC1C384AFC002FE409 /* PORadarViewExample.app */,
				6DF547F01C384AFC002FE409 /* PORadarViewExampleTests.xctest */,
				6DF547FB1C384AFC002FE409 /* PORadarViewExampleUITests.xctest */,
			);
			name = Products;
			sourceTree = "<group>";
		};
		6DF547DE1C384AFC002FE409 /* PORadarViewExample */ = {
			isa = PBXGroup;
			children = (
				6DF5480B1C384B39002FE409 /* ColorHelper.swift */,
				6DF5480C1C384B39002FE409 /* Main.storyboard */,
				6DF5480D1C384B39002FE409 /* MainViewController.swift */,
				6DF547DF1C384AFC002FE409 /* AppDelegate.swift */,
				6DF547E11C384AFC002FE409 /* ViewController.swift */,
				6DF547E61C384AFC002FE409 /* Images.xcassets */,
				6DF547EB1C384AFC002FE409 /* Info.plist */,
			);
			path = PORadarViewExample;
			sourceTree = "<group>";
		};
		6DF547F31C384AFC002FE409 /* PORadarViewExampleTests */ = {
			isa = PBXGroup;
			children = (
				6DF547F41C384AFC002FE409 /* PORadarViewExampleTests.swift */,
				6DF547F61C384AFC002FE409 /* Info.plist */,
			);
			path = PORadarViewExampleTests;
			sourceTree = "<group>";
		};
		6DF547FE1C384AFC002FE409 /* PORadarViewExampleUITests */ = {
			isa = PBXGroup;
			children = (
				6DF547FF1C384AFC002FE409 /* PORadarViewExampleUITests.swift */,
				6DF548011C384AFC002FE409 /* Info.plist */,
			);
			path = PORadarViewExampleUITests;
			sourceTree = "<group>";
		};
/* End PBXGroup section */

/* Begin PBXNativeTarget section */
		6DF547DB1C384AFC002FE409 /* PORadarViewExample */ = {
			isa = PBXNativeTarget;
			buildConfigurationList = 6DF548081C384AFC002FE409 /* Build configuration list for PBXNativeTarget "PORadarViewExample" */;
			buildPhases = (
				6DF547D81C384AFC002FE409 /* Sources */,
				6DF547D91C384AFC002FE409 /* Frameworks */,
				6DF547DA1C384AFC002FE409 /* Resources */,
			);
			buildRules = (
			);
			dependencies = (
			);
			name = PORadarViewExample;
			productName = PORadarViewExample;
			productReference = 6DF547DC1C384AFC002FE409 /* PORadarViewExample.app */;
			productType = "com.apple.product-type.application";
		};
		6DF547EF1C384AFC002FE409 /* PORadarViewExampleTests */ = {
			isa = PBXNativeTarget;
			buildConfigurationList = 6DF548091C384AFC002FE409 /* Build configuration list for PBXNativeTarget "PORadarViewExampleTests" */;
			buildPhases = (
				6DF547EC1C384AFC002FE409 /* Sources */,
				6DF547ED1C384AFC002FE409 /* Frameworks */,
				6DF547EE1C384AFC002FE409 /* Resources */,
			);
			buildRules = (
			);
			dependencies = (
				6DF547F21C384AFC002FE409 /* PBXTargetDependency */,
			);
			name = PORadarViewExampleTests;
			productName = PORadarViewExampleTests;
			productReference = 6DF547F01C384AFC002FE409 /* PORadarViewExampleTests.xctest */;
			productType = "com.apple.product-type.bundle.unit-test";
		};
		6DF547FA1C384AFC002FE409 /* PORadarViewExampleUITests */ = {
			isa = PBXNativeTarget;
			buildConfigurationList = 6DF5480A1C384AFC002FE409 /* Build configuration list for PBXNativeTarget "PORadarViewExampleUITests" */;
			buildPhases = (
				6DF547F71C384AFC002FE409 /* Sources */,
				6DF547F81C384AFC002FE409 /* Frameworks */,
				6DF547F91C384AFC002FE409 /* Resources */,
			);
			buildRules = (
			);
			dependencies = (
				6DF547FD1C384AFC002FE409 /* PBXTargetDependency */,
			);
			name = PORadarViewExampleUITests;
			productName = PORadarViewExampleUITests;
			productReference = 6DF547FB1C384AFC002FE409 /* PORadarViewExampleUITests.xctest */;
			productType = "com.apple.product-type.bundle.ui-testing";
		};
/* End PBXNativeTarget section */

/* Begin PBXProject section */
		6DF547D21C384AA8002FE409 /* Project object */ = {
			isa = PBXProject;
			attributes = {
				LastSwiftUpdateCheck = 0720;
				LastUpgradeCheck = 0720;
				TargetAttributes = {
					6DF547DB1C384AFC002FE409 = {
						CreatedOnToolsVersion = 7.2;
					};
					6DF547EF1C384AFC002FE409 = {
						CreatedOnToolsVersion = 7.2;
						TestTargetID = 6DF547DB1C384AFC002FE409;
					};
					6DF547FA1C384AFC002FE409 = {
						CreatedOnToolsVersion = 7.2;
						TestTargetID = 6DF547DB1C384AFC002FE409;
					};
				};
			};
			buildConfigurationList = 6DF547D51C384AA8002FE409 /* Build configuration list for PBXProject "PORadarViewExample" */;
			compatibilityVersion = "Xcode 3.2";
			developmentRegion = English;
			hasScannedForEncodings = 0;
			knownRegions = (
				en,
				Base,
			);
			mainGroup = 6DF547D11C384AA8002FE409;
			productRefGroup = 6DF547DD1C384AFC002FE409 /* Products */;
			projectDirPath = "";
			projectRoot = "";
			targets = (
				6DF547DB1C384AFC002FE409 /* PORadarViewExample */,
				6DF547EF1C384AFC002FE409 /* PORadarViewExampleTests */,
				6DF547FA1C384AFC002FE409 /* PORadarViewExampleUITests */,
			);
		};
/* End PBXProject section */

/* Begin PBXResourcesBuildPhase section */
		6DF547DA1C384AFC002FE409 /* Resources */ = {
			isa = PBXResourcesBuildPhase;
			buildActionMask = 2147483647;
			files = (
				6DF547E71C384AFC002FE409 /* Images.xcassets in Resources */,
				6DF5480F1C384B39002FE409 /* Main.storyboard in Resources */,
			);
			runOnlyForDeploymentPostprocessing = 0;
		};
		6DF547EE1C384AFC002FE409 /* Resources */ = {
			isa = PBXResourcesBuildPhase;
			buildActionMask = 2147483647;
			files = (
			);
			runOnlyForDeploymentPostprocessing = 0;
		};
		6DF547F91C384AFC002FE409 /* Resources */ = {
			isa = PBXResourcesBuildPhase;
			buildActionMask = 2147483647;
			files = (
			);
			runOnlyForDeploymentPostprocessing = 0;
		};
/* End PBXResourcesBuildPhase section */

/* Begin PBXSourcesBuildPhase section */
		6DF547D81C384AFC002FE409 /* Sources */ = {
			isa = PBXSourcesBuildPhase;
			buildActionMask = 2147483647;
			files = (
				6DF547E21C384AFC002FE409 /* ViewController.swift in Sources */,
				6DF5480E1C384B39002FE409 /* ColorHelper.swift in Sources */,
				6DF547E01C384AFC002FE409 /* AppDelegate.swift in Sources */,
				6DF548101C384B39002FE409 /* MainViewController.swift in Sources */,
			);
			runOnlyForDeploymentPostprocessing = 0;
		};
		6DF547EC1C384AFC002FE409 /* Sources */ = {
			isa = PBXSourcesBuildPhase;
			buildActionMask = 2147483647;
			files = (
				6DF547F51C384AFC002FE409 /* PORadarViewExampleTests.swift in Sources */,
			);
			runOnlyForDeploymentPostprocessing = 0;
		};
		6DF547F71C384AFC002FE409 /* Sources */ = {
			isa = PBXSourcesBuildPhase;
			buildActionMask = 2147483647;
			files = (
				6DF548001C384AFC002FE409 /* PORadarViewExampleUITests.swift in Sources */,
			);
			runOnlyForDeploymentPostprocessing = 0;
		};
/* End PBXSourcesBuildPhase section */

/* Begin PBXTargetDependency section */
		6DF547F21C384AFC002FE409 /* PBXTargetDependency */ = {
			isa = PBXTargetDependency;
			target = 6DF547DB1C384AFC002FE409 /* PORadarViewExample */;
			targetProxy = 6DF547F11C384AFC002FE409 /* PBXContainerItemProxy */;
		};
		6DF547FD1C384AFC002FE409 /* PBXTargetDependency */ = {
			isa = PBXTargetDependency;
			target = 6DF547DB1C384AFC002FE409 /* PORadarViewExample */;
			targetProxy = 6DF547FC1C384AFC002FE409 /* PBXContainerItemProxy */;
		};
/* End PBXTargetDependency section */

/* Begin XCBuildConfiguration section */
		6DF547D61C384AA8002FE409 /* Debug */ = {
			isa = XCBuildConfiguration;
			buildSettings = {
			};
			name = Debug;
		};
		6DF547D71C384AA8002FE409 /* Release */ = {
			isa = XCBuildConfiguration;
			buildSettings = {
			};
			name = Release;
		};
		6DF548021C384AFC002FE409 /* Debug */ = {
			isa = XCBuildConfiguration;
			buildSettings = {
				ALWAYS_SEARCH_USER_PATHS = NO;
				ASSETCATALOG_COMPILER_APPICON_NAME = AppIcon;
				CLANG_CXX_LANGUAGE_STANDARD = "gnu++0x";
				CLANG_CXX_LIBRARY = "libc++";
				CLANG_ENABLE_MODULES = YES;
				CLANG_ENABLE_OBJC_ARC = YES;
				CLANG_WARN_BOOL_CONVERSION = YES;
				CLANG_WARN_CONSTANT_CONVERSION = YES;
				CLANG_WARN_DIRECT_OBJC_ISA_USAGE = YES_ERROR;
				CLANG_WARN_EMPTY_BODY = YES;
				CLANG_WARN_ENUM_CONVERSION = YES;
				CLANG_WARN_INT_CONVERSION = YES;
				CLANG_WARN_OBJC_ROOT_CLASS = YES_ERROR;
				CLANG_WARN_UNREACHABLE_CODE = YES;
				CLANG_WARN__DUPLICATE_METHOD_MATCH = YES;
				"CODE_SIGN_IDENTITY[sdk=iphoneos*]" = "iPhone Developer";
				COPY_PHASE_STRIP = NO;
				DEBUG_INFORMATION_FORMAT = dwarf;
				ENABLE_STRICT_OBJC_MSGSEND = YES;
				ENABLE_TESTABILITY = YES;
				GCC_C_LANGUAGE_STANDARD = gnu99;
				GCC_DYNAMIC_NO_PIC = NO;
				GCC_NO_COMMON_BLOCKS = YES;
				GCC_OPTIMIZATION_LEVEL = 0;
				GCC_PREPROCESSOR_DEFINITIONS = (
					"DEBUG=1",
					"$(inherited)",
				);
				GCC_WARN_64_TO_32_BIT_CONVERSION = YES;
				GCC_WARN_ABOUT_RETURN_TYPE = YES_ERROR;
				GCC_WARN_UNDECLARED_SELECTOR = YES;
				GCC_WARN_UNINITIALIZED_AUTOS = YES_AGGRESSIVE;
				GCC_WARN_UNUSED_FUNCTION = YES;
				GCC_WARN_UNUSED_VARIABLE = YES;
				INFOPLIST_FILE = PORadarViewExample/Info.plist;
				IPHONEOS_DEPLOYMENT_TARGET = 9.2;
				LD_RUNPATH_SEARCH_PATHS = "$(inherited) @executable_path/Frameworks";
				MTL_ENABLE_DEBUG_INFO = YES;
				ONLY_ACTIVE_ARCH = YES;
				PRODUCT_BUNDLE_IDENTIFIER = com.pexou.PORadarViewExample;
				PRODUCT_NAME = "$(TARGET_NAME)";
				SDKROOT = iphoneos;
				SWIFT_OPTIMIZATION_LEVEL = "-Onone";
				TARGETED_DEVICE_FAMILY = "1,2";
			};
			name = Debug;
		};
		6DF548031C384AFC002FE409 /* Release */ = {
			isa = XCBuildConfiguration;
			buildSettings = {
				ALWAYS_SEARCH_USER_PATHS = NO;
				ASSETCATALOG_COMPILER_APPICON_NAME = AppIcon;
				CLANG_CXX_LANGUAGE_STANDARD = "gnu++0x";
				CLANG_CXX_LIBRARY = "libc++";
				CLANG_ENABLE_MODULES = YES;
				CLANG_ENABLE_OBJC_ARC = YES;
				CLANG_WARN_BOOL_CONVERSION = YES;
				CLANG_WARN_CONSTANT_CONVERSION = YES;
				CLANG_WARN_DIRECT_OBJC_ISA_USAGE = YES_ERROR;
				CLANG_WARN_EMPTY_BODY = YES;
				CLANG_WARN_ENUM_CONVERSION = YES;
				CLANG_WARN_INT_CONVERSION = YES;
				CLANG_WARN_OBJC_ROOT_CLASS = YES_ERROR;
				CLANG_WARN_UNREACHABLE_CODE = YES;
				CLANG_WARN__DUPLICATE_METHOD_MATCH = YES;
				"CODE_SIGN_IDENTITY[sdk=iphoneos*]" = "iPhone Developer";
				COPY_PHASE_STRIP = NO;
				DEBUG_INFORMATION_FORMAT = "dwarf-with-dsym";
				ENABLE_NS_ASSERTIONS = NO;
				ENABLE_STRICT_OBJC_MSGSEND = YES;
				GCC_C_LANGUAGE_STANDARD = gnu99;
				GCC_NO_COMMON_BLOCKS = YES;
				GCC_WARN_64_TO_32_BIT_CONVERSION = YES;
				GCC_WARN_ABOUT_RETURN_TYPE = YES_ERROR;
				GCC_WARN_UNDECLARED_SELECTOR = YES;
				GCC_WARN_UNINITIALIZED_AUTOS = YES_AGGRESSIVE;
				GCC_WARN_UNUSED_FUNCTION = YES;
				GCC_WARN_UNUSED_VARIABLE = YES;
				INFOPLIST_FILE = PORadarViewExample/Info.plist;
				IPHONEOS_DEPLOYMENT_TARGET = 9.2;
				LD_RUNPATH_SEARCH_PATHS = "$(inherited) @executable_path/Frameworks";
				MTL_ENABLE_DEBUG_INFO = NO;
				PRODUCT_BUNDLE_IDENTIFIER = com.pexou.PORadarViewExample;
				PRODUCT_NAME = "$(TARGET_NAME)";
				SDKROOT = iphoneos;
				TARGETED_DEVICE_FAMILY = "1,2";
				VALIDATE_PRODUCT = YES;
			};
			name = Release;
		};
		6DF548041C384AFC002FE409 /* Debug */ = {
			isa = XCBuildConfiguration;
			buildSettings = {
				ALWAYS_SEARCH_USER_PATHS = NO;
				BUNDLE_LOADER = "$(TEST_HOST)";
				CLANG_CXX_LANGUAGE_STANDARD = "gnu++0x";
				CLANG_CXX_LIBRARY = "libc++";
				CLANG_ENABLE_MODULES = YES;
				CLANG_ENABLE_OBJC_ARC = YES;
				CLANG_WARN_BOOL_CONVERSION = YES;
				CLANG_WARN_CONSTANT_CONVERSION = YES;
				CLANG_WARN_DIRECT_OBJC_ISA_USAGE = YES_ERROR;
				CLANG_WARN_EMPTY_BODY = YES;
				CLANG_WARN_ENUM_CONVERSION = YES;
				CLANG_WARN_INT_CONVERSION = YES;
				CLANG_WARN_OBJC_ROOT_CLASS = YES_ERROR;
				CLANG_WARN_UNREACHABLE_CODE = YES;
				CLANG_WARN__DUPLICATE_METHOD_MATCH = YES;
				"CODE_SIGN_IDENTITY[sdk=iphoneos*]" = "iPhone Developer";
				COPY_PHASE_STRIP = NO;
				DEBUG_INFORMATION_FORMAT = dwarf;
				ENABLE_STRICT_OBJC_MSGSEND = YES;
				ENABLE_TESTABILITY = YES;
				GCC_C_LANGUAGE_STANDARD = gnu99;
				GCC_DYNAMIC_NO_PIC = NO;
				GCC_NO_COMMON_BLOCKS = YES;
				GCC_OPTIMIZATION_LEVEL = 0;
				GCC_PREPROCESSOR_DEFINITIONS = (
					"DEBUG=1",
					"$(inherited)",
				);
				GCC_WARN_64_TO_32_BIT_CONVERSION = YES;
				GCC_WARN_ABOUT_RETURN_TYPE = YES_ERROR;
				GCC_WARN_UNDECLARED_SELECTOR = YES;
				GCC_WARN_UNINITIALIZED_AUTOS = YES_AGGRESSIVE;
				GCC_WARN_UNUSED_FUNCTION = YES;
				GCC_WARN_UNUSED_VARIABLE = YES;
				INFOPLIST_FILE = PORadarViewExampleTests/Info.plist;
				IPHONEOS_DEPLOYMENT_TARGET = 9.2;
				LD_RUNPATH_SEARCH_PATHS = "$(inherited) @executable_path/Frameworks @loader_path/Frameworks";
				MTL_ENABLE_DEBUG_INFO = YES;
				ONLY_ACTIVE_ARCH = YES;
				PRODUCT_BUNDLE_IDENTIFIER = com.pexou.PORadarViewExampleTests;
				PRODUCT_NAME = "$(TARGET_NAME)";
				SDKROOT = iphoneos;
				TEST_HOST = "$(BUILT_PRODUCTS_DIR)/PORadarViewExample.app/PORadarViewExample";
			};
			name = Debug;
		};
		6DF548051C384AFC002FE409 /* Release */ = {
			isa = XCBuildConfiguration;
			buildSettings = {
				ALWAYS_SEARCH_USER_PATHS = NO;
				BUNDLE_LOADER = "$(TEST_HOST)";
				CLANG_CXX_LANGUAGE_STANDARD = "gnu++0x";
				CLANG_CXX_LIBRARY = "libc++";
				CLANG_ENABLE_MODULES = YES;
				CLANG_ENABLE_OBJC_ARC = YES;
				CLANG_WARN_BOOL_CONVERSION = YES;
				CLANG_WARN_CONSTANT_CONVERSION = YES;
				CLANG_WARN_DIRECT_OBJC_ISA_USAGE = YES_ERROR;
				CLANG_WARN_EMPTY_BODY = YES;
				CLANG_WARN_ENUM_CONVERSION = YES;
				CLANG_WARN_INT_CONVERSION = YES;
				CLANG_WARN_OBJC_ROOT_CLASS = YES_ERROR;
				CLANG_WARN_UNREACHABLE_CODE = YES;
				CLANG_WARN__DUPLICATE_METHOD_MATCH = YES;
				"CODE_SIGN_IDENTITY[sdk=iphoneos*]" = "iPhone Developer";
				COPY_PHASE_STRIP = NO;
				DEBUG_INFORMATION_FORMAT = "dwarf-with-dsym";
				ENABLE_NS_ASSERTIONS = NO;
				ENABLE_STRICT_OBJC_MSGSEND = YES;
				GCC_C_LANGUAGE_STANDARD = gnu99;
				GCC_NO_COMMON_BLOCKS = YES;
				GCC_WARN_64_TO_32_BIT_CONVERSION = YES;
				GCC_WARN_ABOUT_RETURN_TYPE = YES_ERROR;
				GCC_WARN_UNDECLARED_SELECTOR = YES;
				GCC_WARN_UNINITIALIZED_AUTOS = YES_AGGRESSIVE;
				GCC_WARN_UNUSED_FUNCTION = YES;
				GCC_WARN_UNUSED_VARIABLE = YES;
				INFOPLIST_FILE = PORadarViewExampleTests/Info.plist;
				IPHONEOS_DEPLOYMENT_TARGET = 9.2;
				LD_RUNPATH_SEARCH_PATHS = "$(inherited) @executable_path/Frameworks @loader_path/Frameworks";
				MTL_ENABLE_DEBUG_INFO = NO;
				PRODUCT_BUNDLE_IDENTIFIER = com.pexou.PORadarViewExampleTests;
				PRODUCT_NAME = "$(TARGET_NAME)";
				SDKROOT = iphoneos;
				TEST_HOST = "$(BUILT_PRODUCTS_DIR)/PORadarViewExample.app/PORadarViewExample";
				VALIDATE_PRODUCT = YES;
			};
			name = Release;
		};
		6DF548061C384AFC002FE409 /* Debug */ = {
			isa = XCBuildConfiguration;
			buildSettings = {
				ALWAYS_SEARCH_USER_PATHS = NO;
				CLANG_CXX_LANGUAGE_STANDARD = "gnu++0x";
				CLANG_CXX_LIBRARY = "libc++";
				CLANG_ENABLE_MODULES = YES;
				CLANG_ENABLE_OBJC_ARC = YES;
				CLANG_WARN_BOOL_CONVERSION = YES;
				CLANG_WARN_CONSTANT_CONVERSION = YES;
				CLANG_WARN_DIRECT_OBJC_ISA_USAGE = YES_ERROR;
				CLANG_WARN_EMPTY_BODY = YES;
				CLANG_WARN_ENUM_CONVERSION = YES;
				CLANG_WARN_INT_CONVERSION = YES;
				CLANG_WARN_OBJC_ROOT_CLASS = YES_ERROR;
				CLANG_WARN_UNREACHABLE_CODE = YES;
				CLANG_WARN__DUPLICATE_METHOD_MATCH = YES;
				"CODE_SIGN_IDENTITY[sdk=iphoneos*]" = "iPhone Developer";
				COPY_PHASE_STRIP = NO;
				DEBUG_INFORMATION_FORMAT = dwarf;
				ENABLE_STRICT_OBJC_MSGSEND = YES;
				ENABLE_TESTABILITY = YES;
				GCC_C_LANGUAGE_STANDARD = gnu99;
				GCC_DYNAMIC_NO_PIC = NO;
				GCC_NO_COMMON_BLOCKS = YES;
				GCC_OPTIMIZATION_LEVEL = 0;
				GCC_PREPROCESSOR_DEFINITIONS = (
					"DEBUG=1",
					"$(inherited)",
				);
				GCC_WARN_64_TO_32_BIT_CONVERSION = YES;
				GCC_WARN_ABOUT_RETURN_TYPE = YES_ERROR;
				GCC_WARN_UNDECLARED_SELECTOR = YES;
				GCC_WARN_UNINITIALIZED_AUTOS = YES_AGGRESSIVE;
				GCC_WARN_UNUSED_FUNCTION = YES;
				GCC_WARN_UNUSED_VARIABLE = YES;
				INFOPLIST_FILE = PORadarViewExampleUITests/Info.plist;
				IPHONEOS_DEPLOYMENT_TARGET = 9.2;
				LD_RUNPATH_SEARCH_PATHS = "$(inherited) @executable_path/Frameworks @loader_path/Frameworks";
				MTL_ENABLE_DEBUG_INFO = YES;
				ONLY_ACTIVE_ARCH = YES;
				PRODUCT_BUNDLE_IDENTIFIER = com.pexou.PORadarViewExampleUITests;
				PRODUCT_NAME = "$(TARGET_NAME)";
				SDKROOT = iphoneos;
				TEST_TARGET_NAME = PORadarViewExample;
				USES_XCTRUNNER = YES;
			};
			name = Debug;
		};
		6DF548071C384AFC002FE409 /* Release */ = {
			isa = XCBuildConfiguration;
			buildSettings = {
				ALWAYS_SEARCH_USER_PATHS = NO;
				CLANG_CXX_LANGUAGE_STANDARD = "gnu++0x";
				CLANG_CXX_LIBRARY = "libc++";
				CLANG_ENABLE_MODULES = YES;
				CLANG_ENABLE_OBJC_ARC = YES;
				CLANG_WARN_BOOL_CONVERSION = YES;
				CLANG_WARN_CONSTANT_CONVERSION = YES;
				CLANG_WARN_DIRECT_OBJC_ISA_USAGE = YES_ERROR;
				CLANG_WARN_EMPTY_BODY = YES;
				CLANG_WARN_ENUM_CONVERSION = YES;
				CLANG_WARN_INT_CONVERSION = YES;
				CLANG_WARN_OBJC_ROOT_CLASS = YES_ERROR;
				CLANG_WARN_UNREACHABLE_CODE = YES;
				CLANG_WARN__DUPLICATE_METHOD_MATCH = YES;
				"CODE_SIGN_IDENTITY[sdk=iphoneos*]" = "iPhone Developer";
				COPY_PHASE_STRIP = NO;
				DEBUG_INFORMATION_FORMAT = "dwarf-with-dsym";
				ENABLE_NS_ASSERTIONS = NO;
				ENABLE_STRICT_OBJC_MSGSEND = YES;
				GCC_C_LANGUAGE_STANDARD = gnu99;
				GCC_NO_COMMON_BLOCKS = YES;
				GCC_WARN_64_TO_32_BIT_CONVERSION = YES;
				GCC_WARN_ABOUT_RETURN_TYPE = YES_ERROR;
				GCC_WARN_UNDECLARED_SELECTOR = YES;
				GCC_WARN_UNINITIALIZED_AUTOS = YES_AGGRESSIVE;
				GCC_WARN_UNUSED_FUNCTION = YES;
				GCC_WARN_UNUSED_VARIABLE = YES;
				INFOPLIST_FILE = PORadarViewExampleUITests/Info.plist;
				IPHONEOS_DEPLOYMENT_TARGET = 9.2;
				LD_RUNPATH_SEARCH_PATHS = "$(inherited) @executable_path/Frameworks @loader_path/Frameworks";
				MTL_ENABLE_DEBUG_INFO = NO;
				PRODUCT_BUNDLE_IDENTIFIER = com.pexou.PORadarViewExampleUITests;
				PRODUCT_NAME = "$(TARGET_NAME)";
				SDKROOT = iphoneos;
				TEST_TARGET_NAME = PORadarViewExample;
				USES_XCTRUNNER = YES;
				VALIDATE_PRODUCT = YES;
			};
			name = Release;
		};
/* End XCBuildConfiguration section */

/* Begin XCConfigurationList section */
		6DF547D51C384AA8002FE409 /* Build configuration list for PBXProject "PORadarViewExample" */ = {
			isa = XCConfigurationList;
			buildConfigurations = (
				6DF547D61C384AA8002FE409 /* Debug */,
				6DF547D71C384AA8002FE409 /* Release */,
			);
			defaultConfigurationIsVisible = 0;
			defaultConfigurationName = Release;
		};
		6DF548081C384AFC002FE409 /* Build configuration list for PBXNativeTarget "PORadarViewExample" */ = {
			isa = XCConfigurationList;
			buildConfigurations = (
				6DF548021C384AFC002FE409 /* Debug */,
				6DF548031C384AFC002FE409 /* Release */,
			);
			defaultConfigurationIsVisible = 0;
		};
		6DF548091C384AFC002FE409 /* Build configuration list for PBXNativeTarget "PORadarViewExampleTests" */ = {
			isa = XCConfigurationList;
			buildConfigurations = (
				6DF548041C384AFC002FE409 /* Debug */,
				6DF548051C384AFC002FE409 /* Release */,
			);
			defaultConfigurationIsVisible = 0;
		};
		6DF5480A1C384AFC002FE409 /* Build configuration list for PBXNativeTarget "PORadarViewExampleUITests" */ = {
			isa = XCConfigurationList;
			buildConfigurations = (
				6DF548061C384AFC002FE409 /* Debug */,
				6DF548071C384AFC002FE409 /* Release */,
			);
			defaultConfigurationIsVisible = 0;
		};
/* End XCConfigurationList section */
	};
	rootObject = 6DF547D21C384AA8002FE409 /* Project object */;
}
