// !$*UTF8*$!
{
	archiveVersion = 1;
	classes = {
	};
	objectVersion = 46;
	objects = {

/* Begin PBXBuildFile section */
		6DDBEB221C34839E0000CAA0 /* AppDelegate.swift in Sources */ = {isa = PBXBuildFile; fileRef = 6DDBEB211C34839E0000CAA0 /* AppDelegate.swift */; };
		6DDBEB291C34839E0000CAA0 /* Images.xcassets in Resources */ = {isa = PBXBuildFile; fileRef = 6DDBEB281C34839E0000CAA0 /* Images.xcassets */; };
		6DDBEB371C34839E0000CAA0 /* PODRadarViewExampleTests.swift in Sources */ = {isa = PBXBuildFile; fileRef = 6DDBEB361C34839E0000CAA0 /* PODRadarViewExampleTests.swift */; };
		6DDBEB421C34839E0000CAA0 /* PODRadarViewExampleUITests.swift in Sources */ = {isa = PBXBuildFile; fileRef = 6DDBEB411C34839E0000CAA0 /* PODRadarViewExampleUITests.swift */; };
		6DDBEB4E1C3483D70000CAA0 /* ColorHelper.swift in Sources */ = {isa = PBXBuildFile; fileRef = 6DDBEB4D1C3483D70000CAA0 /* ColorHelper.swift */; };
		6DDBEB511C3483EB0000CAA0 /* Main.storyboard in Resources */ = {isa = PBXBuildFile; fileRef = 6DDBEB4F1C3483EB0000CAA0 /* Main.storyboard */; };
		6DDBEB521C3483EB0000CAA0 /* MainViewController.swift in Sources */ = {isa = PBXBuildFile; fileRef = 6DDBEB501C3483EB0000CAA0 /* MainViewController.swift */; };
/* End PBXBuildFile section */

/* Begin PBXContainerItemProxy section */
		6DDBEB331C34839E0000CAA0 /* PBXContainerItemProxy */ = {
			isa = PBXContainerItemProxy;
			containerPortal = 6DDBEB141C3483790000CAA0 /* Project object */;
			proxyType = 1;
			remoteGlobalIDString = 6DDBEB1D1C34839E0000CAA0;
			remoteInfo = PODRadarViewExample;
		};
		6DDBEB3E1C34839E0000CAA0 /* PBXContainerItemProxy */ = {
			isa = PBXContainerItemProxy;
			containerPortal = 6DDBEB141C3483790000CAA0 /* Project object */;
			proxyType = 1;
			remoteGlobalIDString = 6DDBEB1D1C34839E0000CAA0;
			remoteInfo = PODRadarViewExample;
		};
/* End PBXContainerItemProxy section */

/* Begin PBXFileReference section */
		6DDBEB1E1C34839E0000CAA0 /* PODRadarViewExample.app */ = {isa = PBXFileReference; explicitFileType = wrapper.application; includeInIndex = 0; path = PODRadarViewExample.app; sourceTree = BUILT_PRODUCTS_DIR; };
		6DDBEB211C34839E0000CAA0 /* AppDelegate.swift */ = {isa = PBXFileReference; lastKnownFileType = sourcecode.swift; path = AppDelegate.swift; sourceTree = "<group>"; };
		6DDBEB281C34839E0000CAA0 /* Images.xcassets */ = {isa = PBXFileReference; lastKnownFileType = folder.assetcatalog; path = Images.xcassets; sourceTree = "<group>"; };
		6DDBEB2D1C34839E0000CAA0 /* Info.plist */ = {isa = PBXFileReference; lastKnownFileType = text.plist.xml; path = Info.plist; sourceTree = "<group>"; };
		6DDBEB321C34839E0000CAA0 /* PODRadarViewExampleTests.xctest */ = {isa = PBXFileReference; explicitFileType = wrapper.cfbundle; includeInIndex = 0; path = PODRadarViewExampleTests.xctest; sourceTree = BUILT_PRODUCTS_DIR; };
		6DDBEB361C34839E0000CAA0 /* PODRadarViewExampleTests.swift */ = {isa = PBXFileReference; lastKnownFileType = sourcecode.swift; path = PODRadarViewExampleTests.swift; sourceTree = "<group>"; };
		6DDBEB381C34839E0000CAA0 /* Info.plist */ = {isa = PBXFileReference; lastKnownFileType = text.plist.xml; path = Info.plist; sourceTree = "<group>"; };
		6DDBEB3D1C34839E0000CAA0 /* PODRadarViewExampleUITests.xctest */ = {isa = PBXFileReference; explicitFileType = wrapper.cfbundle; includeInIndex = 0; path = PODRadarViewExampleUITests.xctest; sourceTree = BUILT_PRODUCTS_DIR; };
		6DDBEB411C34839E0000CAA0 /* PODRadarViewExampleUITests.swift */ = {isa = PBXFileReference; lastKnownFileType = sourcecode.swift; path = PODRadarViewExampleUITests.swift; sourceTree = "<group>"; };
		6DDBEB431C34839E0000CAA0 /* Info.plist */ = {isa = PBXFileReference; lastKnownFileType = text.plist.xml; path = Info.plist; sourceTree = "<group>"; };
		6DDBEB4D1C3483D70000CAA0 /* ColorHelper.swift */ = {isa = PBXFileReference; fileEncoding = 4; lastKnownFileType = sourcecode.swift; path = ColorHelper.swift; sourceTree = "<group>"; };
		6DDBEB4F1C3483EB0000CAA0 /* Main.storyboard */ = {isa = PBXFileReference; fileEncoding = 4; lastKnownFileType = file.storyboard; path = Main.storyboard; sourceTree = "<group>"; };
		6DDBEB501C3483EB0000CAA0 /* MainViewController.swift */ = {isa = PBXFileReference; fileEncoding = 4; lastKnownFileType = sourcecode.swift; path = MainViewController.swift; sourceTree = "<group>"; };
/* End PBXFileReference section */

/* Begin PBXFrameworksBuildPhase section */
		6DDBEB1B1C34839E0000CAA0 /* Frameworks */ = {
			isa = PBXFrameworksBuildPhase;
			buildActionMask = 2147483647;
			files = (
			);
			runOnlyForDeploymentPostprocessing = 0;
		};
		6DDBEB2F1C34839E0000CAA0 /* Frameworks */ = {
			isa = PBXFrameworksBuildPhase;
			buildActionMask = 2147483647;
			files = (
			);
			runOnlyForDeploymentPostprocessing = 0;
		};
		6DDBEB3A1C34839E0000CAA0 /* Frameworks */ = {
			isa = PBXFrameworksBuildPhase;
			buildActionMask = 2147483647;
			files = (
			);
			runOnlyForDeploymentPostprocessing = 0;
		};
/* End PBXFrameworksBuildPhase section */

/* Begin PBXGroup section */
		6DDBEB131C3483790000CAA0 = {
			isa = PBXGroup;
			children = (
				6DDBEB201C34839E0000CAA0 /* PODRadarViewExample */,
				6DDBEB351C34839E0000CAA0 /* PODRadarViewExampleTests */,
				6DDBEB401C34839E0000CAA0 /* PODRadarViewExampleUITests */,
				6DDBEB1F1C34839E0000CAA0 /* Products */,
			);
			sourceTree = "<group>";
		};
		6DDBEB1F1C34839E0000CAA0 /* Products */ = {
			isa = PBXGroup;
			children = (
				6DDBEB1E1C34839E0000CAA0 /* PODRadarViewExample.app */,
				6DDBEB321C34839E0000CAA0 /* PODRadarViewExampleTests.xctest */,
				6DDBEB3D1C34839E0000CAA0 /* PODRadarViewExampleUITests.xctest */,
			);
			name = Products;
			sourceTree = "<group>";
		};
		6DDBEB201C34839E0000CAA0 /* PODRadarViewExample */ = {
			isa = PBXGroup;
			children = (
				6DDBEB4F1C3483EB0000CAA0 /* Main.storyboard */,
				6DDBEB501C3483EB0000CAA0 /* MainViewController.swift */,
				6DDBEB4D1C3483D70000CAA0 /* ColorHelper.swift */,
				6DDBEB211C34839E0000CAA0 /* AppDelegate.swift */,
				6DDBEB281C34839E0000CAA0 /* Images.xcassets */,
				6DDBEB2D1C34839E0000CAA0 /* Info.plist */,
			);
			path = PODRadarViewExample;
			sourceTree = "<group>";
		};
		6DDBEB351C34839E0000CAA0 /* PODRadarViewExampleTests */ = {
			isa = PBXGroup;
			children = (
				6DDBEB361C34839E0000CAA0 /* PODRadarViewExampleTests.swift */,
				6DDBEB381C34839E0000CAA0 /* Info.plist */,
			);
			path = PODRadarViewExampleTests;
			sourceTree = "<group>";
		};
		6DDBEB401C34839E0000CAA0 /* PODRadarViewExampleUITests */ = {
			isa = PBXGroup;
			children = (
				6DDBEB411C34839E0000CAA0 /* PODRadarViewExampleUITests.swift */,
				6DDBEB431C34839E0000CAA0 /* Info.plist */,
			);
			path = PODRadarViewExampleUITests;
			sourceTree = "<group>";
		};
/* End PBXGroup section */

/* Begin PBXNativeTarget section */
		6DDBEB1D1C34839E0000CAA0 /* PODRadarViewExample */ = {
			isa = PBXNativeTarget;
			buildConfigurationList = 6DDBEB4A1C34839E0000CAA0 /* Build configuration list for PBXNativeTarget "PODRadarViewExample" */;
			buildPhases = (
				6DDBEB1A1C34839E0000CAA0 /* Sources */,
				6DDBEB1B1C34839E0000CAA0 /* Frameworks */,
				6DDBEB1C1C34839E0000CAA0 /* Resources */,
			);
			buildRules = (
			);
			dependencies = (
			);
			name = PODRadarViewExample;
			productName = PODRadarViewExample;
			productReference = 6DDBEB1E1C34839E0000CAA0 /* PODRadarViewExample.app */;
			productType = "com.apple.product-type.application";
		};
		6DDBEB311C34839E0000CAA0 /* PODRadarViewExampleTests */ = {
			isa = PBXNativeTarget;
			buildConfigurationList = 6DDBEB4B1C34839E0000CAA0 /* Build configuration list for PBXNativeTarget "PODRadarViewExampleTests" */;
			buildPhases = (
				6DDBEB2E1C34839E0000CAA0 /* Sources */,
				6DDBEB2F1C34839E0000CAA0 /* Frameworks */,
				6DDBEB301C34839E0000CAA0 /* Resources */,
			);
			buildRules = (
			);
			dependencies = (
				6DDBEB341C34839E0000CAA0 /* PBXTargetDependency */,
			);
			name = PODRadarViewExampleTests;
			productName = PODRadarViewExampleTests;
			productReference = 6DDBEB321C34839E0000CAA0 /* PODRadarViewExampleTests.xctest */;
			productType = "com.apple.product-type.bundle.unit-test";
		};
		6DDBEB3C1C34839E0000CAA0 /* PODRadarViewExampleUITests */ = {
			isa = PBXNativeTarget;
			buildConfigurationList = 6DDBEB4C1C34839E0000CAA0 /* Build configuration list for PBXNativeTarget "PODRadarViewExampleUITests" */;
			buildPhases = (
				6DDBEB391C34839E0000CAA0 /* Sources */,
				6DDBEB3A1C34839E0000CAA0 /* Frameworks */,
				6DDBEB3B1C34839E0000CAA0 /* Resources */,
			);
			buildRules = (
			);
			dependencies = (
				6DDBEB3F1C34839E0000CAA0 /* PBXTargetDependency */,
			);
			name = PODRadarViewExampleUITests;
			productName = PODRadarViewExampleUITests;
			productReference = 6DDBEB3D1C34839E0000CAA0 /* PODRadarViewExampleUITests.xctest */;
			productType = "com.apple.product-type.bundle.ui-testing";
		};
/* End PBXNativeTarget section */

/* Begin PBXProject section */
		6DDBEB141C3483790000CAA0 /* Project object */ = {
			isa = PBXProject;
			attributes = {
				LastSwiftUpdateCheck = 0720;
				LastUpgradeCheck = 0720;
				TargetAttributes = {
					6DDBEB1D1C34839E0000CAA0 = {
						CreatedOnToolsVersion = 7.2;
					};
					6DDBEB311C34839E0000CAA0 = {
						CreatedOnToolsVersion = 7.2;
						TestTargetID = 6DDBEB1D1C34839E0000CAA0;
					};
					6DDBEB3C1C34839E0000CAA0 = {
						CreatedOnToolsVersion = 7.2;
						TestTargetID = 6DDBEB1D1C34839E0000CAA0;
					};
				};
			};
			buildConfigurationList = 6DDBEB171C3483790000CAA0 /* Build configuration list for PBXProject "PODRadarView Example" */;
			compatibilityVersion = "Xcode 3.2";
			developmentRegion = English;
			hasScannedForEncodings = 0;
			knownRegions = (
				en,
				Base,
			);
			mainGroup = 6DDBEB131C3483790000CAA0;
			productRefGroup = 6DDBEB1F1C34839E0000CAA0 /* Products */;
			projectDirPath = "";
			projectRoot = "";
			targets = (
				6DDBEB1D1C34839E0000CAA0 /* PODRadarViewExample */,
				6DDBEB311C34839E0000CAA0 /* PODRadarViewExampleTests */,
				6DDBEB3C1C34839E0000CAA0 /* PODRadarViewExampleUITests */,
			);
		};
/* End PBXProject section */

/* Begin PBXResourcesBuildPhase section */
		6DDBEB1C1C34839E0000CAA0 /* Resources */ = {
			isa = PBXResourcesBuildPhase;
			buildActionMask = 2147483647;
			files = (
				6DDBEB291C34839E0000CAA0 /* Images.xcassets in Resources */,
				6DDBEB511C3483EB0000CAA0 /* Main.storyboard in Resources */,
			);
			runOnlyForDeploymentPostprocessing = 0;
		};
		6DDBEB301C34839E0000CAA0 /* Resources */ = {
			isa = PBXResourcesBuildPhase;
			buildActionMask = 2147483647;
			files = (
			);
			runOnlyForDeploymentPostprocessing = 0;
		};
		6DDBEB3B1C34839E0000CAA0 /* Resources */ = {
			isa = PBXResourcesBuildPhase;
			buildActionMask = 2147483647;
			files = (
			);
			runOnlyForDeploymentPostprocessing = 0;
		};
/* End PBXResourcesBuildPhase section */

/* Begin PBXSourcesBuildPhase section */
		6DDBEB1A1C34839E0000CAA0 /* Sources */ = {
			isa = PBXSourcesBuildPhase;
			buildActionMask = 2147483647;
			files = (
				6DDBEB4E1C3483D70000CAA0 /* ColorHelper.swift in Sources */,
				6DDBEB221C34839E0000CAA0 /* AppDelegate.swift in Sources */,
				6DDBEB521C3483EB0000CAA0 /* MainViewController.swift in Sources */,
			);
			runOnlyForDeploymentPostprocessing = 0;
		};
		6DDBEB2E1C34839E0000CAA0 /* Sources */ = {
			isa = PBXSourcesBuildPhase;
			buildActionMask = 2147483647;
			files = (
				6DDBEB371C34839E0000CAA0 /* PODRadarViewExampleTests.swift in Sources */,
			);
			runOnlyForDeploymentPostprocessing = 0;
		};
		6DDBEB391C34839E0000CAA0 /* Sources */ = {
			isa = PBXSourcesBuildPhase;
			buildActionMask = 2147483647;
			files = (
				6DDBEB421C34839E0000CAA0 /* PODRadarViewExampleUITests.swift in Sources */,
			);
			runOnlyForDeploymentPostprocessing = 0;
		};
/* End PBXSourcesBuildPhase section */

/* Begin PBXTargetDependency section */
		6DDBEB341C34839E0000CAA0 /* PBXTargetDependency */ = {
			isa = PBXTargetDependency;
			target = 6DDBEB1D1C34839E0000CAA0 /* PODRadarViewExample */;
			targetProxy = 6DDBEB331C34839E0000CAA0 /* PBXContainerItemProxy */;
		};
		6DDBEB3F1C34839E0000CAA0 /* PBXTargetDependency */ = {
			isa = PBXTargetDependency;
			target = 6DDBEB1D1C34839E0000CAA0 /* PODRadarViewExample */;
			targetProxy = 6DDBEB3E1C34839E0000CAA0 /* PBXContainerItemProxy */;
		};
/* End PBXTargetDependency section */

/* Begin XCBuildConfiguration section */
		6DDBEB181C3483790000CAA0 /* Debug */ = {
			isa = XCBuildConfiguration;
			buildSettings = {
				IPHONEOS_DEPLOYMENT_TARGET = 8.0;
			};
			name = Debug;
		};
		6DDBEB191C3483790000CAA0 /* Release */ = {
			isa = XCBuildConfiguration;
			buildSettings = {
				IPHONEOS_DEPLOYMENT_TARGET = 8.0;
			};
			name = Release;
		};
		6DDBEB441C34839E0000CAA0 /* Debug */ = {
			isa = XCBuildConfiguration;
			buildSettings = {
				ALWAYS_SEARCH_USER_PATHS = NO;
				ASSETCATALOG_COMPILER_APPICON_NAME = AppIcon;
				CLANG_CXX_LANGUAGE_STANDARD = "gnu++0x";
				CLANG_CXX_LIBRARY = "libc++";
				CLANG_ENABLE_MODULES = YES;
				CLANG_ENABLE_OBJC_ARC = YES;
				CLANG_WARN_BOOL_CONVERSION = YES;
				CLANG_WARN_CONSTANT_CONVERSION = YES;
				CLANG_WARN_DIRECT_OBJC_ISA_USAGE = YES_ERROR;
				CLANG_WARN_EMPTY_BODY = YES;
				CLANG_WARN_ENUM_CONVERSION = YES;
				CLANG_WARN_INT_CONVERSION = YES;
				CLANG_WARN_OBJC_ROOT_CLASS = YES_ERROR;
				CLANG_WARN_UNREACHABLE_CODE = YES;
				CLANG_WARN__DUPLICATE_METHOD_MATCH = YES;
				"CODE_SIGN_IDENTITY[sdk=iphoneos*]" = "iPhone Developer";
				COPY_PHASE_STRIP = NO;
				DEBUG_INFORMATION_FORMAT = dwarf;
				ENABLE_STRICT_OBJC_MSGSEND = YES;
				ENABLE_TESTABILITY = YES;
				GCC_C_LANGUAGE_STANDARD = gnu99;
				GCC_DYNAMIC_NO_PIC = NO;
				GCC_NO_COMMON_BLOCKS = YES;
				GCC_OPTIMIZATION_LEVEL = 0;
				GCC_PREPROCESSOR_DEFINITIONS = (
					"DEBUG=1",
					"$(inherited)",
				);
				GCC_WARN_64_TO_32_BIT_CONVERSION = YES;
				GCC_WARN_ABOUT_RETURN_TYPE = YES_ERROR;
				GCC_WARN_UNDECLARED_SELECTOR = YES;
				GCC_WARN_UNINITIALIZED_AUTOS = YES_AGGRESSIVE;
				GCC_WARN_UNUSED_FUNCTION = YES;
				GCC_WARN_UNUSED_VARIABLE = YES;
				INFOPLIST_FILE = PODRadarViewExample/Info.plist;
				IPHONEOS_DEPLOYMENT_TARGET = 9.2;
				LD_RUNPATH_SEARCH_PATHS = "$(inherited) @executable_path/Frameworks";
				MTL_ENABLE_DEBUG_INFO = YES;
				ONLY_ACTIVE_ARCH = YES;
				PRODUCT_BUNDLE_IDENTIFIER = com.pexou.PODRadarViewExample;
				PRODUCT_NAME = "$(TARGET_NAME)";
				SDKROOT = iphoneos;
				SWIFT_OPTIMIZATION_LEVEL = "-Onone";
				TARGETED_DEVICE_FAMILY = "1,2";
			};
			name = Debug;
		};
		6DDBEB451C34839E0000CAA0 /* Release */ = {
			isa = XCBuildConfiguration;
			buildSettings = {
				ALWAYS_SEARCH_USER_PATHS = NO;
				ASSETCATALOG_COMPILER_APPICON_NAME = AppIcon;
				CLANG_CXX_LANGUAGE_STANDARD = "gnu++0x";
				CLANG_CXX_LIBRARY = "libc++";
				CLANG_ENABLE_MODULES = YES;
				CLANG_ENABLE_OBJC_ARC = YES;
				CLANG_WARN_BOOL_CONVERSION = YES;
				CLANG_WARN_CONSTANT_CONVERSION = YES;
				CLANG_WARN_DIRECT_OBJC_ISA_USAGE = YES_ERROR;
				CLANG_WARN_EMPTY_BODY = YES;
				CLANG_WARN_ENUM_CONVERSION = YES;
				CLANG_WARN_INT_CONVERSION = YES;
				CLANG_WARN_OBJC_ROOT_CLASS = YES_ERROR;
				CLANG_WARN_UNREACHABLE_CODE = YES;
				CLANG_WARN__DUPLICATE_METHOD_MATCH = YES;
				"CODE_SIGN_IDENTITY[sdk=iphoneos*]" = "iPhone Developer";
				COPY_PHASE_STRIP = NO;
				DEBUG_INFORMATION_FORMAT = "dwarf-with-dsym";
				ENABLE_NS_ASSERTIONS = NO;
				ENABLE_STRICT_OBJC_MSGSEND = YES;
				GCC_C_LANGUAGE_STANDARD = gnu99;
				GCC_NO_COMMON_BLOCKS = YES;
				GCC_WARN_64_TO_32_BIT_CONVERSION = YES;
				GCC_WARN_ABOUT_RETURN_TYPE = YES_ERROR;
				GCC_WARN_UNDECLARED_SELECTOR = YES;
				GCC_WARN_UNINITIALIZED_AUTOS = YES_AGGRESSIVE;
				GCC_WARN_UNUSED_FUNCTION = YES;
				GCC_WARN_UNUSED_VARIABLE = YES;
				INFOPLIST_FILE = PODRadarViewExample/Info.plist;
				IPHONEOS_DEPLOYMENT_TARGET = 9.2;
				LD_RUNPATH_SEARCH_PATHS = "$(inherited) @executable_path/Frameworks";
				MTL_ENABLE_DEBUG_INFO = NO;
				PRODUCT_BUNDLE_IDENTIFIER = com.pexou.PODRadarViewExample;
				PRODUCT_NAME = "$(TARGET_NAME)";
				SDKROOT = iphoneos;
				TARGETED_DEVICE_FAMILY = "1,2";
				VALIDATE_PRODUCT = YES;
			};
			name = Release;
		};
		6DDBEB461C34839E0000CAA0 /* Debug */ = {
			isa = XCBuildConfiguration;
			buildSettings = {
				ALWAYS_SEARCH_USER_PATHS = NO;
				BUNDLE_LOADER = "$(TEST_HOST)";
				CLANG_CXX_LANGUAGE_STANDARD = "gnu++0x";
				CLANG_CXX_LIBRARY = "libc++";
				CLANG_ENABLE_MODULES = YES;
				CLANG_ENABLE_OBJC_ARC = YES;
				CLANG_WARN_BOOL_CONVERSION = YES;
				CLANG_WARN_CONSTANT_CONVERSION = YES;
				CLANG_WARN_DIRECT_OBJC_ISA_USAGE = YES_ERROR;
				CLANG_WARN_EMPTY_BODY = YES;
				CLANG_WARN_ENUM_CONVERSION = YES;
				CLANG_WARN_INT_CONVERSION = YES;
				CLANG_WARN_OBJC_ROOT_CLASS = YES_ERROR;
				CLANG_WARN_UNREACHABLE_CODE = YES;
				CLANG_WARN__DUPLICATE_METHOD_MATCH = YES;
				"CODE_SIGN_IDENTITY[sdk=iphoneos*]" = "iPhone Developer";
				COPY_PHASE_STRIP = NO;
				DEBUG_INFORMATION_FORMAT = dwarf;
				ENABLE_STRICT_OBJC_MSGSEND = YES;
				ENABLE_TESTABILITY = YES;
				GCC_C_LANGUAGE_STANDARD = gnu99;
				GCC_DYNAMIC_NO_PIC = NO;
				GCC_NO_COMMON_BLOCKS = YES;
				GCC_OPTIMIZATION_LEVEL = 0;
				GCC_PREPROCESSOR_DEFINITIONS = (
					"DEBUG=1",
					"$(inherited)",
				);
				GCC_WARN_64_TO_32_BIT_CONVERSION = YES;
				GCC_WARN_ABOUT_RETURN_TYPE = YES_ERROR;
				GCC_WARN_UNDECLARED_SELECTOR = YES;
				GCC_WARN_UNINITIALIZED_AUTOS = YES_AGGRESSIVE;
				GCC_WARN_UNUSED_FUNCTION = YES;
				GCC_WARN_UNUSED_VARIABLE = YES;
				INFOPLIST_FILE = PODRadarViewExampleTests/Info.plist;
				IPHONEOS_DEPLOYMENT_TARGET = 9.2;
				LD_RUNPATH_SEARCH_PATHS = "$(inherited) @executable_path/Frameworks @loader_path/Frameworks";
				MTL_ENABLE_DEBUG_INFO = YES;
				ONLY_ACTIVE_ARCH = YES;
				PRODUCT_BUNDLE_IDENTIFIER = com.pexou.PODRadarViewExampleTests;
				PRODUCT_NAME = "$(TARGET_NAME)";
				SDKROOT = iphoneos;
				TEST_HOST = "$(BUILT_PRODUCTS_DIR)/PODRadarViewExample.app/PODRadarViewExample";
			};
			name = Debug;
		};
		6DDBEB471C34839E0000CAA0 /* Release */ = {
			isa = XCBuildConfiguration;
			buildSettings = {
				ALWAYS_SEARCH_USER_PATHS = NO;
				BUNDLE_LOADER = "$(TEST_HOST)";
				CLANG_CXX_LANGUAGE_STANDARD = "gnu++0x";
				CLANG_CXX_LIBRARY = "libc++";
				CLANG_ENABLE_MODULES = YES;
				CLANG_ENABLE_OBJC_ARC = YES;
				CLANG_WARN_BOOL_CONVERSION = YES;
				CLANG_WARN_CONSTANT_CONVERSION = YES;
				CLANG_WARN_DIRECT_OBJC_ISA_USAGE = YES_ERROR;
				CLANG_WARN_EMPTY_BODY = YES;
				CLANG_WARN_ENUM_CONVERSION = YES;
				CLANG_WARN_INT_CONVERSION = YES;
				CLANG_WARN_OBJC_ROOT_CLASS = YES_ERROR;
				CLANG_WARN_UNREACHABLE_CODE = YES;
				CLANG_WARN__DUPLICATE_METHOD_MATCH = YES;
				"CODE_SIGN_IDENTITY[sdk=iphoneos*]" = "iPhone Developer";
				COPY_PHASE_STRIP = NO;
				DEBUG_INFORMATION_FORMAT = "dwarf-with-dsym";
				ENABLE_NS_ASSERTIONS = NO;
				ENABLE_STRICT_OBJC_MSGSEND = YES;
				GCC_C_LANGUAGE_STANDARD = gnu99;
				GCC_NO_COMMON_BLOCKS = YES;
				GCC_WARN_64_TO_32_BIT_CONVERSION = YES;
				GCC_WARN_ABOUT_RETURN_TYPE = YES_ERROR;
				GCC_WARN_UNDECLARED_SELECTOR = YES;
				GCC_WARN_UNINITIALIZED_AUTOS = YES_AGGRESSIVE;
				GCC_WARN_UNUSED_FUNCTION = YES;
				GCC_WARN_UNUSED_VARIABLE = YES;
				INFOPLIST_FILE = PODRadarViewExampleTests/Info.plist;
				IPHONEOS_DEPLOYMENT_TARGET = 9.2;
				LD_RUNPATH_SEARCH_PATHS = "$(inherited) @executable_path/Frameworks @loader_path/Frameworks";
				MTL_ENABLE_DEBUG_INFO = NO;
				PRODUCT_BUNDLE_IDENTIFIER = com.pexou.PODRadarViewExampleTests;
				PRODUCT_NAME = "$(TARGET_NAME)";
				SDKROOT = iphoneos;
				TEST_HOST = "$(BUILT_PRODUCTS_DIR)/PODRadarViewExample.app/PODRadarViewExample";
				VALIDATE_PRODUCT = YES;
			};
			name = Release;
		};
		6DDBEB481C34839E0000CAA0 /* Debug */ = {
			isa = XCBuildConfiguration;
			buildSettings = {
				ALWAYS_SEARCH_USER_PATHS = NO;
				CLANG_CXX_LANGUAGE_STANDARD = "gnu++0x";
				CLANG_CXX_LIBRARY = "libc++";
				CLANG_ENABLE_MODULES = YES;
				CLANG_ENABLE_OBJC_ARC = YES;
				CLANG_WARN_BOOL_CONVERSION = YES;
				CLANG_WARN_CONSTANT_CONVERSION = YES;
				CLANG_WARN_DIRECT_OBJC_ISA_USAGE = YES_ERROR;
				CLANG_WARN_EMPTY_BODY = YES;
				CLANG_WARN_ENUM_CONVERSION = YES;
				CLANG_WARN_INT_CONVERSION = YES;
				CLANG_WARN_OBJC_ROOT_CLASS = YES_ERROR;
				CLANG_WARN_UNREACHABLE_CODE = YES;
				CLANG_WARN__DUPLICATE_METHOD_MATCH = YES;
				"CODE_SIGN_IDENTITY[sdk=iphoneos*]" = "iPhone Developer";
				COPY_PHASE_STRIP = NO;
				DEBUG_INFORMATION_FORMAT = dwarf;
				ENABLE_STRICT_OBJC_MSGSEND = YES;
				ENABLE_TESTABILITY = YES;
				GCC_C_LANGUAGE_STANDARD = gnu99;
				GCC_DYNAMIC_NO_PIC = NO;
				GCC_NO_COMMON_BLOCKS = YES;
				GCC_OPTIMIZATION_LEVEL = 0;
				GCC_PREPROCESSOR_DEFINITIONS = (
					"DEBUG=1",
					"$(inherited)",
				);
				GCC_WARN_64_TO_32_BIT_CONVERSION = YES;
				GCC_WARN_ABOUT_RETURN_TYPE = YES_ERROR;
				GCC_WARN_UNDECLARED_SELECTOR = YES;
				GCC_WARN_UNINITIALIZED_AUTOS = YES_AGGRESSIVE;
				GCC_WARN_UNUSED_FUNCTION = YES;
				GCC_WARN_UNUSED_VARIABLE = YES;
				INFOPLIST_FILE = PODRadarViewExampleUITests/Info.plist;
				IPHONEOS_DEPLOYMENT_TARGET = 9.2;
				LD_RUNPATH_SEARCH_PATHS = "$(inherited) @executable_path/Frameworks @loader_path/Frameworks";
				MTL_ENABLE_DEBUG_INFO = YES;
				ONLY_ACTIVE_ARCH = YES;
				PRODUCT_BUNDLE_IDENTIFIER = com.pexou.PODRadarViewExampleUITests;
				PRODUCT_NAME = "$(TARGET_NAME)";
				SDKROOT = iphoneos;
				TEST_TARGET_NAME = PODRadarViewExample;
				USES_XCTRUNNER = YES;
			};
			name = Debug;
		};
		6DDBEB491C34839E0000CAA0 /* Release */ = {
			isa = XCBuildConfiguration;
			buildSettings = {
				ALWAYS_SEARCH_USER_PATHS = NO;
				CLANG_CXX_LANGUAGE_STANDARD = "gnu++0x";
				CLANG_CXX_LIBRARY = "libc++";
				CLANG_ENABLE_MODULES = YES;
				CLANG_ENABLE_OBJC_ARC = YES;
				CLANG_WARN_BOOL_CONVERSION = YES;
				CLANG_WARN_CONSTANT_CONVERSION = YES;
				CLANG_WARN_DIRECT_OBJC_ISA_USAGE = YES_ERROR;
				CLANG_WARN_EMPTY_BODY = YES;
				CLANG_WARN_ENUM_CONVERSION = YES;
				CLANG_WARN_INT_CONVERSION = YES;
				CLANG_WARN_OBJC_ROOT_CLASS = YES_ERROR;
				CLANG_WARN_UNREACHABLE_CODE = YES;
				CLANG_WARN__DUPLICATE_METHOD_MATCH = YES;
				"CODE_SIGN_IDENTITY[sdk=iphoneos*]" = "iPhone Developer";
				COPY_PHASE_STRIP = NO;
				DEBUG_INFORMATION_FORMAT = "dwarf-with-dsym";
				ENABLE_NS_ASSERTIONS = NO;
				ENABLE_STRICT_OBJC_MSGSEND = YES;
				GCC_C_LANGUAGE_STANDARD = gnu99;
				GCC_NO_COMMON_BLOCKS = YES;
				GCC_WARN_64_TO_32_BIT_CONVERSION = YES;
				GCC_WARN_ABOUT_RETURN_TYPE = YES_ERROR;
				GCC_WARN_UNDECLARED_SELECTOR = YES;
				GCC_WARN_UNINITIALIZED_AUTOS = YES_AGGRESSIVE;
				GCC_WARN_UNUSED_FUNCTION = YES;
				GCC_WARN_UNUSED_VARIABLE = YES;
				INFOPLIST_FILE = PODRadarViewExampleUITests/Info.plist;
				IPHONEOS_DEPLOYMENT_TARGET = 9.2;
				LD_RUNPATH_SEARCH_PATHS = "$(inherited) @executable_path/Frameworks @loader_path/Frameworks";
				MTL_ENABLE_DEBUG_INFO = NO;
				PRODUCT_BUNDLE_IDENTIFIER = com.pexou.PODRadarViewExampleUITests;
				PRODUCT_NAME = "$(TARGET_NAME)";
				SDKROOT = iphoneos;
				TEST_TARGET_NAME = PODRadarViewExample;
				USES_XCTRUNNER = YES;
				VALIDATE_PRODUCT = YES;
			};
			name = Release;
		};
/* End XCBuildConfiguration section */

/* Begin XCConfigurationList section */
		6DDBEB171C3483790000CAA0 /* Build configuration list for PBXProject "PODRadarView Example" */ = {
			isa = XCConfigurationList;
			buildConfigurations = (
				6DDBEB181C3483790000CAA0 /* Debug */,
				6DDBEB191C3483790000CAA0 /* Release */,
			);
			defaultConfigurationIsVisible = 0;
			defaultConfigurationName = Release;
		};
		6DDBEB4A1C34839E0000CAA0 /* Build configuration list for PBXNativeTarget "PODRadarViewExample" */ = {
			isa = XCConfigurationList;
			buildConfigurations = (
				6DDBEB441C34839E0000CAA0 /* Debug */,
				6DDBEB451C34839E0000CAA0 /* Release */,
			);
			defaultConfigurationIsVisible = 0;
			defaultConfigurationName = Release;
		};
		6DDBEB4B1C34839E0000CAA0 /* Build configuration list for PBXNativeTarget "PODRadarViewExampleTests" */ = {
			isa = XCConfigurationList;
			buildConfigurations = (
				6DDBEB461C34839E0000CAA0 /* Debug */,
				6DDBEB471C34839E0000CAA0 /* Release */,
			);
			defaultConfigurationIsVisible = 0;
			defaultConfigurationName = Release;
		};
		6DDBEB4C1C34839E0000CAA0 /* Build configuration list for PBXNativeTarget "PODRadarViewExampleUITests" */ = {
			isa = XCConfigurationList;
			buildConfigurations = (
				6DDBEB481C34839E0000CAA0 /* Debug */,
				6DDBEB491C34839E0000CAA0 /* Release */,
			);
			defaultConfigurationIsVisible = 0;
			defaultConfigurationName = Release;
		};
/* End XCConfigurationList section */
	};
	rootObject = 6DDBEB141C3483790000CAA0 /* Project object */;
}
